
Microsoft Visual Studio Solution File, Format Version 12.00
# Visual Studio Version 16
VisualStudioVersion = 16.0.29613.14
MinimumVisualStudioVersion = 10.0.40219.1
Project("{FAE04EC0-301F-11D3-BF4B-00C04F79EFBC}") = "WiredBrainCoffe.ShopInfoTool", "WiredBrainCoffe.ShopInfoTool.csproj", "{0316C928-82EE-4CD1-BE67-6149A1C9A5DC}"
EndProject
Global
	GlobalSection(SolutionConfigurationPlatforms) = preSolution
		Debug|Any CPU = Debug|Any CPU
		Release|Any CPU = Release|Any CPU
	EndGlobalSection
	GlobalSection(ProjectConfigurationPlatforms) = postSolution
		{0316C928-82EE-4CD1-BE67-6149A1C9A5DC}.Debug|Any CPU.ActiveCfg = Debug|Any CPU
		{0316C928-82EE-4CD1-BE67-6149A1C9A5DC}.Debug|Any CPU.Build.0 = Debug|Any CPU
		{0316C928-82EE-4CD1-BE67-6149A1C9A5DC}.Release|Any CPU.ActiveCfg = Release|Any CPU
		{0316C928-82EE-4CD1-BE67-6149A1C9A5DC}.Release|Any CPU.Build.0 = Release|Any CPU
	EndGlobalSection
	GlobalSection(SolutionProperties) = preSolution
		HideSolutionNode = FALSE
	EndGlobalSection
	GlobalSection(ExtensibilityGlobals) = postSolution
		SolutionGuid = {EB7D41C3-F910-4C02-8C14-6CB21EA1E411}
	EndGlobalSection
EndGlobal
